
Microsoft Visual Studio Solution File, Format Version 12.00
# Visual Studio 15
VisualStudioVersion = 15.0.27703.2000
MinimumVisualStudioVersion = 10.0.40219.1
Project("{FAE04EC0-301F-11D3-BF4B-00C04F79EFBC}") = "Wind.GH", "Wind.GH\Wind.GH.csproj", "{919642DC-1481-416E-B86D-883A396E71BE}"
EndProject
Project("{2150E333-8FDC-42A3-9474-1A3956D46DE8}") = "Referenced", "Referenced", "{88DD9BAC-931B-43AF-81D2-75E2AC32DCF6}"
EndProject
Project("{FAE04EC0-301F-11D3-BF4B-00C04F79EFBC}") = "Wind", "..\..\Aviary\Wind\Wind\Wind.csproj", "{5B296BD0-780F-4E8A-A7FF-379F437B925A}"
EndProject
Global
	GlobalSection(SolutionConfigurationPlatforms) = preSolution
		Debug|Any CPU = Debug|Any CPU
		Release|Any CPU = Release|Any CPU
	EndGlobalSection
	GlobalSection(ProjectConfigurationPlatforms) = postSolution
		{919642DC-1481-416E-B86D-883A396E71BE}.Debug|Any CPU.ActiveCfg = Debug|Any CPU
		{919642DC-1481-416E-B86D-883A396E71BE}.Debug|Any CPU.Build.0 = Debug|Any CPU
		{919642DC-1481-416E-B86D-883A396E71BE}.Release|Any CPU.ActiveCfg = Release|Any CPU
		{919642DC-1481-416E-B86D-883A396E71BE}.Release|Any CPU.Build.0 = Release|Any CPU
		{5B296BD0-780F-4E8A-A7FF-379F437B925A}.Debug|Any CPU.ActiveCfg = Debug|Any CPU
		{5B296BD0-780F-4E8A-A7FF-379F437B925A}.Debug|Any CPU.Build.0 = Debug|Any CPU
		{5B296BD0-780F-4E8A-A7FF-379F437B925A}.Release|Any CPU.ActiveCfg = Release|Any CPU
		{5B296BD0-780F-4E8A-A7FF-379F437B925A}.Release|Any CPU.Build.0 = Release|Any CPU
	EndGlobalSection
	GlobalSection(SolutionProperties) = preSolution
		HideSolutionNode = FALSE
	EndGlobalSection
	GlobalSection(NestedProjects) = preSolution
		{5B296BD0-780F-4E8A-A7FF-379F437B925A} = {88DD9BAC-931B-43AF-81D2-75E2AC32DCF6}
	EndGlobalSection
	GlobalSection(ExtensibilityGlobals) = postSolution
		SolutionGuid = {4F83ABBD-A9D6-4D53-BF57-5A6CE61DA0B3}
	EndGlobalSection
EndGlobal
